
Microsoft Visual Studio Solution File, Format Version 12.00
# Visual Studio Version 17
VisualStudioVersion = 17.3.32901.215
MinimumVisualStudioVersion = 10.0.40219.1
Project("{FAE04EC0-301F-11D3-BF4B-00C04F79EFBC}") = "AmanTask.Api", "AmanTask.Api\AmanTask.Api.csproj", "{09B21BFA-8BBE-4989-B9F2-C7D9CC8A17E0}"
EndProject
Project("{FAE04EC0-301F-11D3-BF4B-00C04F79EFBC}") = "AmanTask.Core", "AmanTask.Core\AmanTask.Core.csproj", "{BAB49EBF-AE34-40D5-B30E-42641D68E2DA}"
EndProject
Project("{FAE04EC0-301F-11D3-BF4B-00C04F79EFBC}") = "AmanTask.EF", "AmanTask.EF\AmanTask.EF.csproj", "{B1902BA1-F97C-4795-97AD-0A044BC5A252}"
EndProject
Global
	GlobalSection(SolutionConfigurationPlatforms) = preSolution
		Debug|Any CPU = Debug|Any CPU
		Release|Any CPU = Release|Any CPU
	EndGlobalSection
	GlobalSection(ProjectConfigurationPlatforms) = postSolution
		{09B21BFA-8BBE-4989-B9F2-C7D9CC8A17E0}.Debug|Any CPU.ActiveCfg = Debug|Any CPU
		{09B21BFA-8BBE-4989-B9F2-C7D9CC8A17E0}.Debug|Any CPU.Build.0 = Debug|Any CPU
		{09B21BFA-8BBE-4989-B9F2-C7D9CC8A17E0}.Release|Any CPU.ActiveCfg = Release|Any CPU
		{09B21BFA-8BBE-4989-B9F2-C7D9CC8A17E0}.Release|Any CPU.Build.0 = Release|Any CPU
		{BAB49EBF-AE34-40D5-B30E-42641D68E2DA}.Debug|Any CPU.ActiveCfg = Debug|Any CPU
		{BAB49EBF-AE34-40D5-B30E-42641D68E2DA}.Debug|Any CPU.Build.0 = Debug|Any CPU
		{BAB49EBF-AE34-40D5-B30E-42641D68E2DA}.Release|Any CPU.ActiveCfg = Release|Any CPU
		{BAB49EBF-AE34-40D5-B30E-42641D68E2DA}.Release|Any CPU.Build.0 = Release|Any CPU
		{B1902BA1-F97C-4795-97AD-0A044BC5A252}.Debug|Any CPU.ActiveCfg = Debug|Any CPU
		{B1902BA1-F97C-4795-97AD-0A044BC5A252}.Debug|Any CPU.Build.0 = Debug|Any CPU
		{B1902BA1-F97C-4795-97AD-0A044BC5A252}.Release|Any CPU.ActiveCfg = Release|Any CPU
		{B1902BA1-F97C-4795-97AD-0A044BC5A252}.Release|Any CPU.Build.0 = Release|Any CPU
	EndGlobalSection
	GlobalSection(SolutionProperties) = preSolution
		HideSolutionNode = FALSE
	EndGlobalSection
	GlobalSection(ExtensibilityGlobals) = postSolution
		SolutionGuid = {9714DB81-C98E-4BBE-9848-208A5A1A7D1A}
	EndGlobalSection
EndGlobal
